// !$*UTF8*$!
{
	archiveVersion = 1;
	classes = {
	};
	objectVersion = 46;
	objects = {

/* Begin PBXBuildFile section */
		9431AD2019C388480006EA02 /* AppDelegate.swift in Sources */ = {isa = PBXBuildFile; fileRef = 9431AD1F19C388480006EA02 /* AppDelegate.swift */; };
		9431AD2219C388480006EA02 /* ViewController.swift in Sources */ = {isa = PBXBuildFile; fileRef = 9431AD2119C388480006EA02 /* ViewController.swift */; };
		9431AD2519C388480006EA02 /* Main.storyboard in Resources */ = {isa = PBXBuildFile; fileRef = 9431AD2319C388480006EA02 /* Main.storyboard */; };
		9431AD2719C388480006EA02 /* Images.xcassets in Resources */ = {isa = PBXBuildFile; fileRef = 9431AD2619C388480006EA02 /* Images.xcassets */; };
		9431AD2A19C388480006EA02 /* LaunchScreen.xib in Resources */ = {isa = PBXBuildFile; fileRef = 9431AD2819C388480006EA02 /* LaunchScreen.xib */; };
		9431AD3619C388480006EA02 /* PostcardTests.swift in Sources */ = {isa = PBXBuildFile; fileRef = 9431AD3519C388480006EA02 /* PostcardTests.swift */; };
		9497FBDF19C69C3C00628AB3 /* AlbertEinsteinStamp.jpg in Resources */ = {isa = PBXBuildFile; fileRef = 9497FBDE19C69C3C00628AB3 /* AlbertEinsteinStamp.jpg */; };
		949F9D3419C6791F00FB9C54 /* SagradaFamilia.jpeg in Resources */ = {isa = PBXBuildFile; fileRef = 949F9D3319C6791F00FB9C54 /* SagradaFamilia.jpeg */; };
/* End PBXBuildFile section */

/* Begin PBXContainerItemProxy section */
		9431AD3019C388480006EA02 /* PBXContainerItemProxy */ = {
			isa = PBXContainerItemProxy;
			containerPortal = 9431AD1219C388480006EA02 /* Project object */;
			proxyType = 1;
			remoteGlobalIDString = 9431AD1919C388480006EA02;
			remoteInfo = Postcard;
		};
/* End PBXContainerItemProxy section */

/* Begin PBXFileReference section */
		9431AD1A19C388480006EA02 /* Postcard.app */ = {isa = PBXFileReference; explicitFileType = wrapper.application; includeInIndex = 0; path = Postcard.app; sourceTree = BUILT_PRODUCTS_DIR; };
		9431AD1E19C388480006EA02 /* Info.plist */ = {isa = PBXFileReference; lastKnownFileType = text.plist.xml; path = Info.plist; sourceTree = "<group>"; };
		9431AD1F19C388480006EA02 /* AppDelegate.swift */ = {isa = PBXFileReference; lastKnownFileType = sourcecode.swift; path = AppDelegate.swift; sourceTree = "<group>"; };
		9431AD2119C388480006EA02 /* ViewController.swift */ = {isa = PBXFileReference; lastKnownFileType = sourcecode.swift; path = ViewController.swift; sourceTree = "<group>"; };
		9431AD2419C388480006EA02 /* Base */ = {isa = PBXFileReference; lastKnownFileType = file.storyboard; name = Base; path = Base.lproj/Main.storyboard; sourceTree = "<group>"; };
		9431AD2619C388480006EA02 /* Images.xcassets */ = {isa = PBXFileReference; lastKnownFileType = folder.assetcatalog; path = Images.xcassets; sourceTree = "<group>"; };
		9431AD2919C388480006EA02 /* Base */ = {isa = PBXFileReference; lastKnownFileType = file.xib; name = Base; path = Base.lproj/LaunchScreen.xib; sourceTree = "<group>"; };
		9431AD2F19C388480006EA02 /* PostcardTests.xctest */ = {isa = PBXFileReference; explicitFileType = wrapper.cfbundle; includeInIndex = 0; path = PostcardTests.xctest; sourceTree = BUILT_PRODUCTS_DIR; };
		9431AD3419C388480006EA02 /* Info.plist */ = {isa = PBXFileReference; lastKnownFileType = text.plist.xml; path = Info.plist; sourceTree = "<group>"; };
		9431AD3519C388480006EA02 /* PostcardTests.swift */ = {isa = PBXFileReference; lastKnownFileType = sourcecode.swift; path = PostcardTests.swift; sourceTree = "<group>"; };
		9497FBDE19C69C3C00628AB3 /* AlbertEinsteinStamp.jpg */ = {isa = PBXFileReference; lastKnownFileType = image.jpeg; path = AlbertEinsteinStamp.jpg; sourceTree = "<group>"; };
		949F9D3319C6791F00FB9C54 /* SagradaFamilia.jpeg */ = {isa = PBXFileReference; lastKnownFileType = image.jpeg; path = SagradaFamilia.jpeg; sourceTree = "<group>"; };
/* End PBXFileReference section */

/* Begin PBXFrameworksBuildPhase section */
		9431AD1719C388480006EA02 /* Frameworks */ = {
			isa = PBXFrameworksBuildPhase;
			buildActionMask = 2147483647;
			files = (
			);
			runOnlyForDeploymentPostprocessing = 0;
		};
		9431AD2C19C388480006EA02 /* Frameworks */ = {
			isa = PBXFrameworksBuildPhase;
			buildActionMask = 2147483647;
			files = (
			);
			runOnlyForDeploymentPostprocessing = 0;
		};
/* End PBXFrameworksBuildPhase section */

/* Begin PBXGroup section */
		9431AD1119C388480006EA02 = {
			isa = PBXGroup;
			children = (
				9431AD1C19C388480006EA02 /* Postcard */,
				9431AD3219C388480006EA02 /* PostcardTests */,
				9431AD1B19C388480006EA02 /* Products */,
			);
			sourceTree = "<group>";
		};
		9431AD1B19C388480006EA02 /* Products */ = {
			isa = PBXGroup;
			children = (
				9431AD1A19C388480006EA02 /* Postcard.app */,
				9431AD2F19C388480006EA02 /* PostcardTests.xctest */,
			);
			name = Products;
			sourceTree = "<group>";
		};
		9431AD1C19C388480006EA02 /* Postcard */ = {
			isa = PBXGroup;
			children = (
				9431AD1F19C388480006EA02 /* AppDelegate.swift */,
				9431AD2119C388480006EA02 /* ViewController.swift */,
				9431AD2319C388480006EA02 /* Main.storyboard */,
				9431AD2619C388480006EA02 /* Images.xcassets */,
				9431AD2819C388480006EA02 /* LaunchScreen.xib */,
				9431AD1D19C388480006EA02 /* Supporting Files */,
			);
			path = Postcard;
			sourceTree = "<group>";
		};
		9431AD1D19C388480006EA02 /* Supporting Files */ = {
			isa = PBXGroup;
			children = (
				9431AD1E19C388480006EA02 /* Info.plist */,
			);
			name = "Supporting Files";
			sourceTree = "<group>";
		};
		9431AD3219C388480006EA02 /* PostcardTests */ = {
			isa = PBXGroup;
			children = (
				9431AD3519C388480006EA02 /* PostcardTests.swift */,
				9431AD3319C388480006EA02 /* Supporting Files */,
			);
			path = PostcardTests;
			sourceTree = "<group>";
		};
		9431AD3319C388480006EA02 /* Supporting Files */ = {
			isa = PBXGroup;
			children = (
				9497FBDE19C69C3C00628AB3 /* AlbertEinsteinStamp.jpg */,
				949F9D3319C6791F00FB9C54 /* SagradaFamilia.jpeg */,
				9431AD3419C388480006EA02 /* Info.plist */,
			);
			name = "Supporting Files";
			sourceTree = "<group>";
		};
/* End PBXGroup section */

/* Begin PBXNativeTarget section */
		9431AD1919C388480006EA02 /* Postcard */ = {
			isa = PBXNativeTarget;
			buildConfigurationList = 9431AD3919C388480006EA02 /* Build configuration list for PBXNativeTarget "Postcard" */;
			buildPhases = (
				9431AD1619C388480006EA02 /* Sources */,
				9431AD1719C388480006EA02 /* Frameworks */,
				9431AD1819C388480006EA02 /* Resources */,
			);
			buildRules = (
			);
			dependencies = (
			);
			name = Postcard;
			productName = Postcard;
			productReference = 9431AD1A19C388480006EA02 /* Postcard.app */;
			productType = "com.apple.product-type.application";
		};
		9431AD2E19C388480006EA02 /* PostcardTests */ = {
			isa = PBXNativeTarget;
			buildConfigurationList = 9431AD3C19C388480006EA02 /* Build configuration list for PBXNativeTarget "PostcardTests" */;
			buildPhases = (
				9431AD2B19C388480006EA02 /* Sources */,
				9431AD2C19C388480006EA02 /* Frameworks */,
				9431AD2D19C388480006EA02 /* Resources */,
			);
			buildRules = (
			);
			dependencies = (
				9431AD3119C388480006EA02 /* PBXTargetDependency */,
			);
			name = PostcardTests;
			productName = PostcardTests;
			productReference = 9431AD2F19C388480006EA02 /* PostcardTests.xctest */;
			productType = "com.apple.product-type.bundle.unit-test";
		};
/* End PBXNativeTarget section */

/* Begin PBXProject section */
		9431AD1219C388480006EA02 /* Project object */ = {
			isa = PBXProject;
			attributes = {
				LastUpgradeCheck = 0600;
				ORGANIZATIONNAME = BudCo;
				TargetAttributes = {
					9431AD1919C388480006EA02 = {
						CreatedOnToolsVersion = 6.0;
					};
					9431AD2E19C388480006EA02 = {
						CreatedOnToolsVersion = 6.0;
						TestTargetID = 9431AD1919C388480006EA02;
					};
				};
			};
			buildConfigurationList = 9431AD1519C388480006EA02 /* Build configuration list for PBXProject "Postcard" */;
			compatibilityVersion = "Xcode 3.2";
			developmentRegion = English;
			hasScannedForEncodings = 0;
			knownRegions = (
				en,
				Base,
			);
			mainGroup = 9431AD1119C388480006EA02;
			productRefGroup = 9431AD1B19C388480006EA02 /* Products */;
			projectDirPath = "";
			projectRoot = "";
			targets = (
				9431AD1919C388480006EA02 /* Postcard */,
				9431AD2E19C388480006EA02 /* PostcardTests */,
			);
		};
/* End PBXProject section */

/* Begin PBXResourcesBuildPhase section */
		9431AD1819C388480006EA02 /* Resources */ = {
			isa = PBXResourcesBuildPhase;
			buildActionMask = 2147483647;
			files = (
				9431AD2519C388480006EA02 /* Main.storyboard in Resources */,
				949F9D3419C6791F00FB9C54 /* SagradaFamilia.jpeg in Resources */,
				9497FBDF19C69C3C00628AB3 /* AlbertEinsteinStamp.jpg in Resources */,
				9431AD2A19C388480006EA02 /* LaunchScreen.xib in Resources */,
				9431AD2719C388480006EA02 /* Images.xcassets in Resources */,
			);
			runOnlyForDeploymentPostprocessing = 0;
		};
		9431AD2D19C388480006EA02 /* Resources */ = {
			isa = PBXResourcesBuildPhase;
			buildActionMask = 2147483647;
			files = (
			);
			runOnlyForDeploymentPostprocessing = 0;
		};
/* End PBXResourcesBuildPhase section */

/* Begin PBXSourcesBuildPhase section */
		9431AD1619C388480006EA02 /* Sources */ = {
			isa = PBXSourcesBuildPhase;
			buildActionMask = 2147483647;
			files = (
				9431AD2219C388480006EA02 /* ViewController.swift in Sources */,
				9431AD2019C388480006EA02 /* AppDelegate.swift in Sources */,
			);
			runOnlyForDeploymentPostprocessing = 0;
		};
		9431AD2B19C388480006EA02 /* Sources */ = {
			isa = PBXSourcesBuildPhase;
			buildActionMask = 2147483647;
			files = (
				9431AD3619C388480006EA02 /* PostcardTests.swift in Sources */,
			);
			runOnlyForDeploymentPostprocessing = 0;
		};
/* End PBXSourcesBuildPhase section */

/* Begin PBXTargetDependency section */
		9431AD3119C388480006EA02 /* PBXTargetDependency */ = {
			isa = PBXTargetDependency;
			target = 9431AD1919C388480006EA02 /* Postcard */;
			targetProxy = 9431AD3019C388480006EA02 /* PBXContainerItemProxy */;
		};
/* End PBXTargetDependency section */

/* Begin PBXVariantGroup section */
		9431AD2319C388480006EA02 /* Main.storyboard */ = {
			isa = PBXVariantGroup;
			children = (
				9431AD2419C388480006EA02 /* Base */,
			);
			name = Main.storyboard;
			sourceTree = "<group>";
		};
		9431AD2819C388480006EA02 /* LaunchScreen.xib */ = {
			isa = PBXVariantGroup;
			children = (
				9431AD2919C388480006EA02 /* Base */,
			);
			name = LaunchScreen.xib;
			sourceTree = "<group>";
		};
/* End PBXVariantGroup section */

/* Begin XCBuildConfiguration section */
		9431AD3719C388480006EA02 /* Debug */ = {
			isa = XCBuildConfiguration;
			buildSettings = {
				ALWAYS_SEARCH_USER_PATHS = NO;
				CLANG_CXX_LANGUAGE_STANDARD = "gnu++0x";
				CLANG_CXX_LIBRARY = "libc++";
				CLANG_ENABLE_MODULES = YES;
				CLANG_ENABLE_OBJC_ARC = YES;
				CLANG_WARN_BOOL_CONVERSION = YES;
				CLANG_WARN_CONSTANT_CONVERSION = YES;
				CLANG_WARN_DIRECT_OBJC_ISA_USAGE = YES_ERROR;
				CLANG_WARN_EMPTY_BODY = YES;
				CLANG_WARN_ENUM_CONVERSION = YES;
				CLANG_WARN_INT_CONVERSION = YES;
				CLANG_WARN_OBJC_ROOT_CLASS = YES_ERROR;
				CLANG_WARN_UNREACHABLE_CODE = YES;
				CLANG_WARN__DUPLICATE_METHOD_MATCH = YES;
				"CODE_SIGN_IDENTITY[sdk=iphoneos*]" = "iPhone Developer";
				COPY_PHASE_STRIP = NO;
				ENABLE_STRICT_OBJC_MSGSEND = YES;
				GCC_C_LANGUAGE_STANDARD = gnu99;
				GCC_DYNAMIC_NO_PIC = NO;
				GCC_OPTIMIZATION_LEVEL = 0;
				GCC_PREPROCESSOR_DEFINITIONS = (
					"DEBUG=1",
					"$(inherited)",
				);
				GCC_SYMBOLS_PRIVATE_EXTERN = NO;
				GCC_WARN_64_TO_32_BIT_CONVERSION = YES;
				GCC_WARN_ABOUT_RETURN_TYPE = YES_ERROR;
				GCC_WARN_UNDECLARED_SELECTOR = YES;
				GCC_WARN_UNINITIALIZED_AUTOS = YES_AGGRESSIVE;
				GCC_WARN_UNUSED_FUNCTION = YES;
				GCC_WARN_UNUSED_VARIABLE = YES;
				IPHONEOS_DEPLOYMENT_TARGET = 8.0;
				MTL_ENABLE_DEBUG_INFO = YES;
				ONLY_ACTIVE_ARCH = YES;
				SDKROOT = iphoneos;
				SWIFT_OPTIMIZATION_LEVEL = "-Onone";
			};
			name = Debug;
		};
		9431AD3819C388480006EA02 /* Release */ = {
			isa = XCBuildConfiguration;
			buildSettings = {
				ALWAYS_SEARCH_USER_PATHS = NO;
				CLANG_CXX_LANGUAGE_STANDARD = "gnu++0x";
				CLANG_CXX_LIBRARY = "libc++";
				CLANG_ENABLE_MODULES = YES;
				CLANG_ENABLE_OBJC_ARC = YES;
				CLANG_WARN_BOOL_CONVERSION = YES;
				CLANG_WARN_CONSTANT_CONVERSION = YES;
				CLANG_WARN_DIRECT_OBJC_ISA_USAGE = YES_ERROR;
				CLANG_WARN_EMPTY_BODY = YES;
				CLANG_WARN_ENUM_CONVERSION = YES;
				CLANG_WARN_INT_CONVERSION = YES;
				CLANG_WARN_OBJC_ROOT_CLASS = YES_ERROR;
				CLANG_WARN_UNREACHABLE_CODE = YES;
				CLANG_WARN__DUPLICATE_METHOD_MATCH = YES;
				"CODE_SIGN_IDENTITY[sdk=iphoneos*]" = "iPhone Developer";
				COPY_PHASE_STRIP = YES;
				ENABLE_NS_ASSERTIONS = NO;
				ENABLE_STRICT_OBJC_MSGSEND = YES;
				GCC_C_LANGUAGE_STANDARD = gnu99;
				GCC_WARN_64_TO_32_BIT_CONVERSION = YES;
				GCC_WARN_ABOUT_RETURN_TYPE = YES_ERROR;
				GCC_WARN_UNDECLARED_SELECTOR = YES;
				GCC_WARN_UNINITIALIZED_AUTOS = YES_AGGRESSIVE;
				GCC_WARN_UNUSED_FUNCTION = YES;
				GCC_WARN_UNUSED_VARIABLE = YES;
				IPHONEOS_DEPLOYMENT_TARGET = 8.0;
				MTL_ENABLE_DEBUG_INFO = NO;
				SDKROOT = iphoneos;
				VALIDATE_PRODUCT = YES;
			};
			name = Release;
		};
		9431AD3A19C388480006EA02 /* Debug */ = {
			isa = XCBuildConfiguration;
			buildSettings = {
				ASSETCATALOG_COMPILER_APPICON_NAME = AppIcon;
				INFOPLIST_FILE = Postcard/Info.plist;
				LD_RUNPATH_SEARCH_PATHS = "$(inherited) @executable_path/Frameworks";
				PRODUCT_NAME = "$(TARGET_NAME)";
			};
			name = Debug;
		};
		9431AD3B19C388480006EA02 /* Release */ = {
			isa = XCBuildConfiguration;
			buildSettings = {
				ASSETCATALOG_COMPILER_APPICON_NAME = AppIcon;
				INFOPLIST_FILE = Postcard/Info.plist;
				LD_RUNPATH_SEARCH_PATHS = "$(inherited) @executable_path/Frameworks";
				PRODUCT_NAME = "$(TARGET_NAME)";
			};
			name = Release;
		};
		9431AD3D19C388480006EA02 /* Debug */ = {
			isa = XCBuildConfiguration;
			buildSettings = {
				BUNDLE_LOADER = "$(TEST_HOST)";
				FRAMEWORK_SEARCH_PATHS = (
					"$(SDKROOT)/Developer/Library/Frameworks",
					"$(inherited)",
				);
				GCC_PREPROCESSOR_DEFINITIONS = (
					"DEBUG=1",
					"$(inherited)",
				);
				INFOPLIST_FILE = PostcardTests/Info.plist;
				LD_RUNPATH_SEARCH_PATHS = "$(inherited) @executable_path/Frameworks @loader_path/Frameworks";
				PRODUCT_NAME = "$(TARGET_NAME)";
				TEST_HOST = "$(BUILT_PRODUCTS_DIR)/Postcard.app/Postcard";
			};
			name = Debug;
		};
		9431AD3E19C388480006EA02 /* Release */ = {
			isa = XCBuildConfiguration;
			buildSettings = {
				BUNDLE_LOADER = "$(TEST_HOST)";
				FRAMEWORK_SEARCH_PATHS = (
					"$(SDKROOT)/Developer/Library/Frameworks",
					"$(inherited)",
				);
				INFOPLIST_FILE = PostcardTests/Info.plist;
				LD_RUNPATH_SEARCH_PATHS = "$(inherited) @executable_path/Frameworks @loader_path/Frameworks";
				PRODUCT_NAME = "$(TARGET_NAME)";
				TEST_HOST = "$(BUILT_PRODUCTS_DIR)/Postcard.app/Postcard";
			};
			name = Release;
		};
/* End XCBuildConfiguration section */

/* Begin XCConfigurationList section */
		9431AD1519C388480006EA02 /* Build configuration list for PBXProject "Postcard" */ = {
			isa = XCConfigurationList;
			buildConfigurations = (
				9431AD3719C388480006EA02 /* Debug */,
				9431AD3819C388480006EA02 /* Release */,
			);
			defaultConfigurationIsVisible = 0;
			defaultConfigurationName = Release;
		};
		9431AD3919C388480006EA02 /* Build configuration list for PBXNativeTarget "Postcard" */ = {
			isa = XCConfigurationList;
			buildConfigurations = (
				9431AD3A19C388480006EA02 /* Debug */,
				9431AD3B19C388480006EA02 /* Release */,
			);
			defaultConfigurationIsVisible = 0;
			defaultConfigurationName = Release;
		};
		9431AD3C19C388480006EA02 /* Build configuration list for PBXNativeTarget "PostcardTests" */ = {
			isa = XCConfigurationList;
			buildConfigurations = (
				9431AD3D19C388480006EA02 /* Debug */,
				9431AD3E19C388480006EA02 /* Release */,
			);
			defaultConfigurationIsVisible = 0;
			defaultConfigurationName = Release;
		};
/* End XCConfigurationList section */
	};
	rootObject = 9431AD1219C388480006EA02 /* Project object */;
}
